
Microsoft Visual Studio Solution File, Format Version 12.00
# Visual Studio 15
VisualStudioVersion = 15.0.28307.705
MinimumVisualStudioVersion = 10.0.40219.1
Project("{FAE04EC0-301F-11D3-BF4B-00C04F79EFBC}") = "FireRegister.Android", "FireRegister\FireRegister.Android\FireRegister.Android.csproj", "{064BAB31-124A-48AB-ADE3-3C253DB80E11}"
EndProject
Project("{FAE04EC0-301F-11D3-BF4B-00C04F79EFBC}") = "FireRegister.iOS", "FireRegister\FireRegister.iOS\FireRegister.iOS.csproj", "{EC5AE682-13CC-410D-9187-87E26F6A473E}"
EndProject
Project("{FAE04EC0-301F-11D3-BF4B-00C04F79EFBC}") = "FireRegister.UWP", "FireRegister\FireRegister.UWP\FireRegister.UWP.csproj", "{9606381D-BBB9-4843-A25B-F4D8097DB7B3}"
EndProject
Project("{FAE04EC0-301F-11D3-BF4B-00C04F79EFBC}") = "FireRegister.MobileAppService", "FireRegister\FireRegister.MobileAppService\FireRegister.MobileAppService.csproj", "{B93A460A-C1AD-40F6-B094-D38FF004E2F1}"
EndProject
Project("{FAE04EC0-301F-11D3-BF4B-00C04F79EFBC}") = "FireRegister", "FireRegister\FireRegister\FireRegister.csproj", "{2A016F44-11ED-4E63-839E-D323E928D0A7}"
EndProject
Global
	GlobalSection(SolutionConfigurationPlatforms) = preSolution
		Debug|Any CPU = Debug|Any CPU
		Debug|ARM = Debug|ARM
		Debug|iPhone = Debug|iPhone
		Debug|iPhoneSimulator = Debug|iPhoneSimulator
		Debug|x64 = Debug|x64
		Debug|x86 = Debug|x86
		Release|Any CPU = Release|Any CPU
		Release|ARM = Release|ARM
		Release|iPhone = Release|iPhone
		Release|iPhoneSimulator = Release|iPhoneSimulator
		Release|x64 = Release|x64
		Release|x86 = Release|x86
	EndGlobalSection
	GlobalSection(ProjectConfigurationPlatforms) = postSolution
		{064BAB31-124A-48AB-ADE3-3C253DB80E11}.Debug|Any CPU.ActiveCfg = Debug|Any CPU
		{064BAB31-124A-48AB-ADE3-3C253DB80E11}.Debug|Any CPU.Build.0 = Debug|Any CPU
		{064BAB31-124A-48AB-ADE3-3C253DB80E11}.Debug|Any CPU.Deploy.0 = Debug|Any CPU
		{064BAB31-124A-48AB-ADE3-3C253DB80E11}.Debug|ARM.ActiveCfg = Debug|Any CPU
		{064BAB31-124A-48AB-ADE3-3C253DB80E11}.Debug|ARM.Build.0 = Debug|Any CPU
		{064BAB31-124A-48AB-ADE3-3C253DB80E11}.Debug|ARM.Deploy.0 = Debug|Any CPU
		{064BAB31-124A-48AB-ADE3-3C253DB80E11}.Debug|iPhone.ActiveCfg = Debug|Any CPU
		{064BAB31-124A-48AB-ADE3-3C253DB80E11}.Debug|iPhone.Build.0 = Debug|Any CPU
		{064BAB31-124A-48AB-ADE3-3C253DB80E11}.Debug|iPhone.Deploy.0 = Debug|Any CPU
		{064BAB31-124A-48AB-ADE3-3C253DB80E11}.Debug|iPhoneSimulator.ActiveCfg = Debug|Any CPU
		{064BAB31-124A-48AB-ADE3-3C253DB80E11}.Debug|iPhoneSimulator.Build.0 = Debug|Any CPU
		{064BAB31-124A-48AB-ADE3-3C253DB80E11}.Debug|iPhoneSimulator.Deploy.0 = Debug|Any CPU
		{064BAB31-124A-48AB-ADE3-3C253DB80E11}.Debug|x64.ActiveCfg = Debug|Any CPU
		{064BAB31-124A-48AB-ADE3-3C253DB80E11}.Debug|x64.Build.0 = Debug|Any CPU
		{064BAB31-124A-48AB-ADE3-3C253DB80E11}.Debug|x64.Deploy.0 = Debug|Any CPU
		{064BAB31-124A-48AB-ADE3-3C253DB80E11}.Debug|x86.ActiveCfg = Debug|Any CPU
		{064BAB31-124A-48AB-ADE3-3C253DB80E11}.Debug|x86.Build.0 = Debug|Any CPU
		{064BAB31-124A-48AB-ADE3-3C253DB80E11}.Debug|x86.Deploy.0 = Debug|Any CPU
		{064BAB31-124A-48AB-ADE3-3C253DB80E11}.Release|Any CPU.ActiveCfg = Release|Any CPU
		{064BAB31-124A-48AB-ADE3-3C253DB80E11}.Release|Any CPU.Build.0 = Release|Any CPU
		{064BAB31-124A-48AB-ADE3-3C253DB80E11}.Release|Any CPU.Deploy.0 = Release|Any CPU
		{064BAB31-124A-48AB-ADE3-3C253DB80E11}.Release|ARM.ActiveCfg = Release|Any CPU
		{064BAB31-124A-48AB-ADE3-3C253DB80E11}.Release|ARM.Build.0 = Release|Any CPU
		{064BAB31-124A-48AB-ADE3-3C253DB80E11}.Release|ARM.Deploy.0 = Release|Any CPU
		{064BAB31-124A-48AB-ADE3-3C253DB80E11}.Release|iPhone.ActiveCfg = Release|Any CPU
		{064BAB31-124A-48AB-ADE3-3C253DB80E11}.Release|iPhone.Build.0 = Release|Any CPU
		{064BAB31-124A-48AB-ADE3-3C253DB80E11}.Release|iPhone.Deploy.0 = Release|Any CPU
		{064BAB31-124A-48AB-ADE3-3C253DB80E11}.Release|iPhoneSimulator.ActiveCfg = Release|Any CPU
		{064BAB31-124A-48AB-ADE3-3C253DB80E11}.Release|iPhoneSimulator.Build.0 = Release|Any CPU
		{064BAB31-124A-48AB-ADE3-3C253DB80E11}.Release|iPhoneSimulator.Deploy.0 = Release|Any CPU
		{064BAB31-124A-48AB-ADE3-3C253DB80E11}.Release|x64.ActiveCfg = Release|Any CPU
		{064BAB31-124A-48AB-ADE3-3C253DB80E11}.Release|x64.Build.0 = Release|Any CPU
		{064BAB31-124A-48AB-ADE3-3C253DB80E11}.Release|x64.Deploy.0 = Release|Any CPU
		{064BAB31-124A-48AB-ADE3-3C253DB80E11}.Release|x86.ActiveCfg = Release|Any CPU
		{064BAB31-124A-48AB-ADE3-3C253DB80E11}.Release|x86.Build.0 = Release|Any CPU
		{064BAB31-124A-48AB-ADE3-3C253DB80E11}.Release|x86.Deploy.0 = Release|Any CPU
		{EC5AE682-13CC-410D-9187-87E26F6A473E}.Debug|Any CPU.ActiveCfg = Debug|iPhoneSimulator
		{EC5AE682-13CC-410D-9187-87E26F6A473E}.Debug|Any CPU.Build.0 = Debug|iPhoneSimulator
		{EC5AE682-13CC-410D-9187-87E26F6A473E}.Debug|Any CPU.Deploy.0 = Debug|iPhoneSimulator
		{EC5AE682-13CC-410D-9187-87E26F6A473E}.Debug|ARM.ActiveCfg = Debug|iPhone
		{EC5AE682-13CC-410D-9187-87E26F6A473E}.Debug|ARM.Build.0 = Debug|iPhone
		{EC5AE682-13CC-410D-9187-87E26F6A473E}.Debug|ARM.Deploy.0 = Debug|iPhone
		{EC5AE682-13CC-410D-9187-87E26F6A473E}.Debug|iPhone.ActiveCfg = Debug|iPhone
		{EC5AE682-13CC-410D-9187-87E26F6A473E}.Debug|iPhone.Build.0 = Debug|iPhone
		{EC5AE682-13CC-410D-9187-87E26F6A473E}.Debug|iPhone.Deploy.0 = Debug|iPhone
		{EC5AE682-13CC-410D-9187-87E26F6A473E}.Debug|iPhoneSimulator.ActiveCfg = Debug|iPhoneSimulator
		{EC5AE682-13CC-410D-9187-87E26F6A473E}.Debug|iPhoneSimulator.Build.0 = Debug|iPhoneSimulator
		{EC5AE682-13CC-410D-9187-87E26F6A473E}.Debug|iPhoneSimulator.Deploy.0 = Debug|iPhoneSimulator
		{EC5AE682-13CC-410D-9187-87E26F6A473E}.Debug|x64.ActiveCfg = Debug|iPhone
		{EC5AE682-13CC-410D-9187-87E26F6A473E}.Debug|x64.Build.0 = Debug|iPhone
		{EC5AE682-13CC-410D-9187-87E26F6A473E}.Debug|x64.Deploy.0 = Debug|iPhone
		{EC5AE682-13CC-410D-9187-87E26F6A473E}.Debug|x86.ActiveCfg = Debug|iPhone
		{EC5AE682-13CC-410D-9187-87E26F6A473E}.Debug|x86.Build.0 = Debug|iPhone
		{EC5AE682-13CC-410D-9187-87E26F6A473E}.Debug|x86.Deploy.0 = Debug|iPhone
		{EC5AE682-13CC-410D-9187-87E26F6A473E}.Release|Any CPU.ActiveCfg = Release|iPhone
		{EC5AE682-13CC-410D-9187-87E26F6A473E}.Release|Any CPU.Build.0 = Release|iPhone
		{EC5AE682-13CC-410D-9187-87E26F6A473E}.Release|Any CPU.Deploy.0 = Release|iPhone
		{EC5AE682-13CC-410D-9187-87E26F6A473E}.Release|ARM.ActiveCfg = Release|iPhone
		{EC5AE682-13CC-410D-9187-87E26F6A473E}.Release|ARM.Build.0 = Release|iPhone
		{EC5AE682-13CC-410D-9187-87E26F6A473E}.Release|ARM.Deploy.0 = Release|iPhone
		{EC5AE682-13CC-410D-9187-87E26F6A473E}.Release|iPhone.ActiveCfg = Release|iPhone
		{EC5AE682-13CC-410D-9187-87E26F6A473E}.Release|iPhone.Build.0 = Release|iPhone
		{EC5AE682-13CC-410D-9187-87E26F6A473E}.Release|iPhone.Deploy.0 = Release|iPhone
		{EC5AE682-13CC-410D-9187-87E26F6A473E}.Release|iPhoneSimulator.ActiveCfg = Release|iPhoneSimulator
		{EC5AE682-13CC-410D-9187-87E26F6A473E}.Release|iPhoneSimulator.Build.0 = Release|iPhoneSimulator
		{EC5AE682-13CC-410D-9187-87E26F6A473E}.Release|iPhoneSimulator.Deploy.0 = Release|iPhoneSimulator
		{EC5AE682-13CC-410D-9187-87E26F6A473E}.Release|x64.ActiveCfg = Release|iPhone
		{EC5AE682-13CC-410D-9187-87E26F6A473E}.Release|x64.Build.0 = Release|iPhone
		{EC5AE682-13CC-410D-9187-87E26F6A473E}.Release|x64.Deploy.0 = Release|iPhone
		{EC5AE682-13CC-410D-9187-87E26F6A473E}.Release|x86.ActiveCfg = Release|iPhone
		{EC5AE682-13CC-410D-9187-87E26F6A473E}.Release|x86.Build.0 = Release|iPhone
		{EC5AE682-13CC-410D-9187-87E26F6A473E}.Release|x86.Deploy.0 = Release|iPhone
		{9606381D-BBB9-4843-A25B-F4D8097DB7B3}.Debug|Any CPU.ActiveCfg = Debug|x86
		{9606381D-BBB9-4843-A25B-F4D8097DB7B3}.Debug|Any CPU.Build.0 = Debug|x86
		{9606381D-BBB9-4843-A25B-F4D8097DB7B3}.Debug|Any CPU.Deploy.0 = Debug|x86
		{9606381D-BBB9-4843-A25B-F4D8097DB7B3}.Debug|ARM.ActiveCfg = Debug|ARM
		{9606381D-BBB9-4843-A25B-F4D8097DB7B3}.Debug|ARM.Build.0 = Debug|ARM
		{9606381D-BBB9-4843-A25B-F4D8097DB7B3}.Debug|ARM.Deploy.0 = Debug|ARM
		{9606381D-BBB9-4843-A25B-F4D8097DB7B3}.Debug|iPhone.ActiveCfg = Debug|x86
		{9606381D-BBB9-4843-A25B-F4D8097DB7B3}.Debug|iPhone.Build.0 = Debug|x86
		{9606381D-BBB9-4843-A25B-F4D8097DB7B3}.Debug|iPhone.Deploy.0 = Debug|x86
		{9606381D-BBB9-4843-A25B-F4D8097DB7B3}.Debug|iPhoneSimulator.ActiveCfg = Debug|x86
		{9606381D-BBB9-4843-A25B-F4D8097DB7B3}.Debug|iPhoneSimulator.Build.0 = Debug|x86
		{9606381D-BBB9-4843-A25B-F4D8097DB7B3}.Debug|iPhoneSimulator.Deploy.0 = Debug|x86
		{9606381D-BBB9-4843-A25B-F4D8097DB7B3}.Debug|x64.ActiveCfg = Debug|x64
		{9606381D-BBB9-4843-A25B-F4D8097DB7B3}.Debug|x64.Build.0 = Debug|x64
		{9606381D-BBB9-4843-A25B-F4D8097DB7B3}.Debug|x64.Deploy.0 = Debug|x64
		{9606381D-BBB9-4843-A25B-F4D8097DB7B3}.Debug|x86.ActiveCfg = Debug|x86
		{9606381D-BBB9-4843-A25B-F4D8097DB7B3}.Debug|x86.Build.0 = Debug|x86
		{9606381D-BBB9-4843-A25B-F4D8097DB7B3}.Debug|x86.Deploy.0 = Debug|x86
		{9606381D-BBB9-4843-A25B-F4D8097DB7B3}.Release|Any CPU.ActiveCfg = Release|x86
		{9606381D-BBB9-4843-A25B-F4D8097DB7B3}.Release|Any CPU.Build.0 = Release|x86
		{9606381D-BBB9-4843-A25B-F4D8097DB7B3}.Release|Any CPU.Deploy.0 = Release|x86
		{9606381D-BBB9-4843-A25B-F4D8097DB7B3}.Release|ARM.ActiveCfg = Release|ARM
		{9606381D-BBB9-4843-A25B-F4D8097DB7B3}.Release|ARM.Build.0 = Release|ARM
		{9606381D-BBB9-4843-A25B-F4D8097DB7B3}.Release|ARM.Deploy.0 = Release|ARM
		{9606381D-BBB9-4843-A25B-F4D8097DB7B3}.Release|iPhone.ActiveCfg = Release|x86
		{9606381D-BBB9-4843-A25B-F4D8097DB7B3}.Release|iPhone.Build.0 = Release|x86
		{9606381D-BBB9-4843-A25B-F4D8097DB7B3}.Release|iPhone.Deploy.0 = Release|x86
		{9606381D-BBB9-4843-A25B-F4D8097DB7B3}.Release|iPhoneSimulator.ActiveCfg = Release|x86
		{9606381D-BBB9-4843-A25B-F4D8097DB7B3}.Release|iPhoneSimulator.Build.0 = Release|x86
		{9606381D-BBB9-4843-A25B-F4D8097DB7B3}.Release|iPhoneSimulator.Deploy.0 = Release|x86
		{9606381D-BBB9-4843-A25B-F4D8097DB7B3}.Release|x64.ActiveCfg = Release|x64
		{9606381D-BBB9-4843-A25B-F4D8097DB7B3}.Release|x64.Build.0 = Release|x64
		{9606381D-BBB9-4843-A25B-F4D8097DB7B3}.Release|x64.Deploy.0 = Release|x64
		{9606381D-BBB9-4843-A25B-F4D8097DB7B3}.Release|x86.ActiveCfg = Release|x86
		{9606381D-BBB9-4843-A25B-F4D8097DB7B3}.Release|x86.Build.0 = Release|x86
		{9606381D-BBB9-4843-A25B-F4D8097DB7B3}.Release|x86.Deploy.0 = Release|x86
		{B93A460A-C1AD-40F6-B094-D38FF004E2F1}.Debug|Any CPU.ActiveCfg = Debug|Any CPU
		{B93A460A-C1AD-40F6-B094-D38FF004E2F1}.Debug|Any CPU.Build.0 = Debug|Any CPU
		{B93A460A-C1AD-40F6-B094-D38FF004E2F1}.Debug|Any CPU.Deploy.0 = Debug|Any CPU
		{B93A460A-C1AD-40F6-B094-D38FF004E2F1}.Debug|ARM.ActiveCfg = Debug|Any CPU
		{B93A460A-C1AD-40F6-B094-D38FF004E2F1}.Debug|ARM.Build.0 = Debug|Any CPU
		{B93A460A-C1AD-40F6-B094-D38FF004E2F1}.Debug|ARM.Deploy.0 = Debug|Any CPU
		{B93A460A-C1AD-40F6-B094-D38FF004E2F1}.Debug|iPhone.ActiveCfg = Debug|Any CPU
		{B93A460A-C1AD-40F6-B094-D38FF004E2F1}.Debug|iPhone.Build.0 = Debug|Any CPU
		{B93A460A-C1AD-40F6-B094-D38FF004E2F1}.Debug|iPhone.Deploy.0 = Debug|Any CPU
		{B93A460A-C1AD-40F6-B094-D38FF004E2F1}.Debug|iPhoneSimulator.ActiveCfg = Debug|Any CPU
		{B93A460A-C1AD-40F6-B094-D38FF004E2F1}.Debug|iPhoneSimulator.Build.0 = Debug|Any CPU
		{B93A460A-C1AD-40F6-B094-D38FF004E2F1}.Debug|iPhoneSimulator.Deploy.0 = Debug|Any CPU
		{B93A460A-C1AD-40F6-B094-D38FF004E2F1}.Debug|x64.ActiveCfg = Debug|Any CPU
		{B93A460A-C1AD-40F6-B094-D38FF004E2F1}.Debug|x64.Build.0 = Debug|Any CPU
		{B93A460A-C1AD-40F6-B094-D38FF004E2F1}.Debug|x64.Deploy.0 = Debug|Any CPU
		{B93A460A-C1AD-40F6-B094-D38FF004E2F1}.Debug|x86.ActiveCfg = Debug|Any CPU
		{B93A460A-C1AD-40F6-B094-D38FF004E2F1}.Debug|x86.Build.0 = Debug|Any CPU
		{B93A460A-C1AD-40F6-B094-D38FF004E2F1}.Debug|x86.Deploy.0 = Debug|Any CPU
		{B93A460A-C1AD-40F6-B094-D38FF004E2F1}.Release|Any CPU.ActiveCfg = Release|Any CPU
		{B93A460A-C1AD-40F6-B094-D38FF004E2F1}.Release|Any CPU.Build.0 = Release|Any CPU
		{B93A460A-C1AD-40F6-B094-D38FF004E2F1}.Release|Any CPU.Deploy.0 = Release|Any CPU
		{B93A460A-C1AD-40F6-B094-D38FF004E2F1}.Release|ARM.ActiveCfg = Release|Any CPU
		{B93A460A-C1AD-40F6-B094-D38FF004E2F1}.Release|ARM.Build.0 = Release|Any CPU
		{B93A460A-C1AD-40F6-B094-D38FF004E2F1}.Release|ARM.Deploy.0 = Release|Any CPU
		{B93A460A-C1AD-40F6-B094-D38FF004E2F1}.Release|iPhone.ActiveCfg = Release|Any CPU
		{B93A460A-C1AD-40F6-B094-D38FF004E2F1}.Release|iPhone.Build.0 = Release|Any CPU
		{B93A460A-C1AD-40F6-B094-D38FF004E2F1}.Release|iPhone.Deploy.0 = Release|Any CPU
		{B93A460A-C1AD-40F6-B094-D38FF004E2F1}.Release|iPhoneSimulator.ActiveCfg = Release|Any CPU
		{B93A460A-C1AD-40F6-B094-D38FF004E2F1}.Release|iPhoneSimulator.Build.0 = Release|Any CPU
		{B93A460A-C1AD-40F6-B094-D38FF004E2F1}.Release|iPhoneSimulator.Deploy.0 = Release|Any CPU
		{B93A460A-C1AD-40F6-B094-D38FF004E2F1}.Release|x64.ActiveCfg = Release|Any CPU
		{B93A460A-C1AD-40F6-B094-D38FF004E2F1}.Release|x64.Build.0 = Release|Any CPU
		{B93A460A-C1AD-40F6-B094-D38FF004E2F1}.Release|x64.Deploy.0 = Release|Any CPU
		{B93A460A-C1AD-40F6-B094-D38FF004E2F1}.Release|x86.ActiveCfg = Release|Any CPU
		{B93A460A-C1AD-40F6-B094-D38FF004E2F1}.Release|x86.Build.0 = Release|Any CPU
		{B93A460A-C1AD-40F6-B094-D38FF004E2F1}.Release|x86.Deploy.0 = Release|Any CPU
		{2A016F44-11ED-4E63-839E-D323E928D0A7}.Debug|Any CPU.ActiveCfg = Debug|Any CPU
		{2A016F44-11ED-4E63-839E-D323E928D0A7}.Debug|Any CPU.Build.0 = Debug|Any CPU
		{2A016F44-11ED-4E63-839E-D323E928D0A7}.Debug|Any CPU.Deploy.0 = Debug|Any CPU
		{2A016F44-11ED-4E63-839E-D323E928D0A7}.Debug|ARM.ActiveCfg = Debug|Any CPU
		{2A016F44-11ED-4E63-839E-D323E928D0A7}.Debug|ARM.Build.0 = Debug|Any CPU
		{2A016F44-11ED-4E63-839E-D323E928D0A7}.Debug|ARM.Deploy.0 = Debug|Any CPU
		{2A016F44-11ED-4E63-839E-D323E928D0A7}.Debug|iPhone.ActiveCfg = Debug|Any CPU
		{2A016F44-11ED-4E63-839E-D323E928D0A7}.Debug|iPhone.Build.0 = Debug|Any CPU
		{2A016F44-11ED-4E63-839E-D323E928D0A7}.Debug|iPhone.Deploy.0 = Debug|Any CPU
		{2A016F44-11ED-4E63-839E-D323E928D0A7}.Debug|iPhoneSimulator.ActiveCfg = Debug|Any CPU
		{2A016F44-11ED-4E63-839E-D323E928D0A7}.Debug|iPhoneSimulator.Build.0 = Debug|Any CPU
		{2A016F44-11ED-4E63-839E-D323E928D0A7}.Debug|iPhoneSimulator.Deploy.0 = Debug|Any CPU
		{2A016F44-11ED-4E63-839E-D323E928D0A7}.Debug|x64.ActiveCfg = Debug|Any CPU
		{2A016F44-11ED-4E63-839E-D323E928D0A7}.Debug|x64.Build.0 = Debug|Any CPU
		{2A016F44-11ED-4E63-839E-D323E928D0A7}.Debug|x64.Deploy.0 = Debug|Any CPU
		{2A016F44-11ED-4E63-839E-D323E928D0A7}.Debug|x86.ActiveCfg = Debug|Any CPU
		{2A016F44-11ED-4E63-839E-D323E928D0A7}.Debug|x86.Build.0 = Debug|Any CPU
		{2A016F44-11ED-4E63-839E-D323E928D0A7}.Debug|x86.Deploy.0 = Debug|Any CPU
		{2A016F44-11ED-4E63-839E-D323E928D0A7}.Release|Any CPU.ActiveCfg = Release|Any CPU
		{2A016F44-11ED-4E63-839E-D323E928D0A7}.Release|Any CPU.Build.0 = Release|Any CPU
		{2A016F44-11ED-4E63-839E-D323E928D0A7}.Release|Any CPU.Deploy.0 = Release|Any CPU
		{2A016F44-11ED-4E63-839E-D323E928D0A7}.Release|ARM.ActiveCfg = Release|Any CPU
		{2A016F44-11ED-4E63-839E-D323E928D0A7}.Release|ARM.Build.0 = Release|Any CPU
		{2A016F44-11ED-4E63-839E-D323E928D0A7}.Release|ARM.Deploy.0 = Release|Any CPU
		{2A016F44-11ED-4E63-839E-D323E928D0A7}.Release|iPhone.ActiveCfg = Release|Any CPU
		{2A016F44-11ED-4E63-839E-D323E928D0A7}.Release|iPhone.Build.0 = Release|Any CPU
		{2A016F44-11ED-4E63-839E-D323E928D0A7}.Release|iPhone.Deploy.0 = Release|Any CPU
		{2A016F44-11ED-4E63-839E-D323E928D0A7}.Release|iPhoneSimulator.ActiveCfg = Release|Any CPU
		{2A016F44-11ED-4E63-839E-D323E928D0A7}.Release|iPhoneSimulator.Build.0 = Release|Any CPU
		{2A016F44-11ED-4E63-839E-D323E928D0A7}.Release|iPhoneSimulator.Deploy.0 = Release|Any CPU
		{2A016F44-11ED-4E63-839E-D323E928D0A7}.Release|x64.ActiveCfg = Release|Any CPU
		{2A016F44-11ED-4E63-839E-D323E928D0A7}.Release|x64.Build.0 = Release|Any CPU
		{2A016F44-11ED-4E63-839E-D323E928D0A7}.Release|x64.Deploy.0 = Release|Any CPU
		{2A016F44-11ED-4E63-839E-D323E928D0A7}.Release|x86.ActiveCfg = Release|Any CPU
		{2A016F44-11ED-4E63-839E-D323E928D0A7}.Release|x86.Build.0 = Release|Any CPU
		{2A016F44-11ED-4E63-839E-D323E928D0A7}.Release|x86.Deploy.0 = Release|Any CPU
	EndGlobalSection
	GlobalSection(SolutionProperties) = preSolution
		HideSolutionNode = FALSE
	EndGlobalSection
	GlobalSection(ExtensibilityGlobals) = postSolution
		SolutionGuid = {46CE4058-E434-438B-BF4C-E04C299B4AF5}
	EndGlobalSection
EndGlobal
